<?xml version="1.0" encoding="utf-8"?>
<Project ToolsVersion="4.0" xmlns="http://schemas.microsoft.com/developer/msbuild/2003">
  <ItemGroup>
    <Filter Include="Source Files">
      <UniqueIdentifier>{4FC737F1-C7A5-4376-A066-2A32D752A2FF}</UniqueIdentifier>
      <Extensions>cpp;c;cc;cxx;c++;cppm;ixx;def;odl;idl;hpj;bat;asm;asmx</Extensions>
    </Filter>
    <Filter Include="Header Files">
      <UniqueIdentifier>{93995380-89BD-4b04-88EB-625FBE52EBFB}</UniqueIdentifier>
      <Extensions>h;hh;hpp;hxx;h++;hm;inl;inc;ipp;xsd</Extensions>
    </Filter>
    <Filter Include="Resource Files">
      <UniqueIdentifier>{67DA6AB6-F800-4c08-8B7A-83BB121AAD01}</UniqueIdentifier>
      <Extensions>rc;ico;cur;bmp;dlg;rc2;rct;bin;rgs;gif;jpg;jpeg;jpe;resx;tiff;tif;png;wav;mfcribbon-ms</Extensions>
    </Filter>
    <Filter Include="InputFiles">
      <UniqueIdentifier>{b4d3ad58-c3dc-44df-830c-797b62d6f3d9}</UniqueIdentifier>
    </Filter>
  </ItemGroup>
  <ItemGroup>
    <ClCompile Include="main.cpp">
      <Filter>Source Files</Filter>
    </ClCompile>
    <ClCompile Include="DayTwo\DayTwo.cpp">
      <Filter>Source Files</Filter>
    </ClCompile>
    <ClCompile Include="DayOne\DayOne.cpp">
      <Filter>Source Files</Filter>
    </ClCompile>
    <ClCompile Include="DayThree\DayThree.cpp">
      <Filter>Source Files</Filter>
    </ClCompile>
    <ClCompile Include="DayFour\DayFour.cpp">
      <Filter>Source Files</Filter>
    </ClCompile>
    <ClCompile Include="DayFive\DayFive.cpp">
      <Filter>Source Files</Filter>
    </ClCompile>
    <ClCompile Include="DaySix\DaySix.cpp">
      <Filter>Source Files</Filter>
    </ClCompile>
    <ClCompile Include="DaySeven\DaySeven.cpp">
      <Filter>Source Files</Filter>
    </ClCompile>
    <ClCompile Include="DayEight\DayEight.cpp">
      <Filter>Source Files</Filter>
    </ClCompile>
    <ClCompile Include="DayNine\DayNine.cpp">
      <Filter>Source Files</Filter>
    </ClCompile>
    <ClCompile Include="DayTen\DayTen.cpp">
      <Filter>Source Files</Filter>
    </ClCompile>
    <ClCompile Include="DayEleven\DayEleven.cpp">
      <Filter>Source Files</Filter>
    </ClCompile>
  </ItemGroup>
  <ItemGroup>
    <ClInclude Include="DayTwo\DayTwo.h">
      <Filter>Header Files</Filter>
    </ClInclude>
    <ClInclude Include="DayOne\DayOne.h">
      <Filter>Header Files</Filter>
    </ClInclude>
    <ClInclude Include="DayThree\DayThree.h">
      <Filter>Header Files</Filter>
    </ClInclude>
    <ClInclude Include="DayFour\DayFour.h">
      <Filter>Header Files</Filter>
    </ClInclude>
    <ClInclude Include="DayFive\DayFive.h">
      <Filter>Header Files</Filter>
    </ClInclude>
    <ClInclude Include="DaySix\DaySix.h">
      <Filter>Header Files</Filter>
    </ClInclude>
    <ClInclude Include="DaySeven\DaySeven.h">
      <Filter>Header Files</Filter>
    </ClInclude>
    <ClInclude Include="DayEight\DayEight.h">
      <Filter>Header Files</Filter>
    </ClInclude>
    <ClInclude Include="DayNine\DayNine.h">
      <Filter>Header Files</Filter>
    </ClInclude>
    <ClInclude Include="DayTen\DayTen.h">
      <Filter>Header Files</Filter>
    </ClInclude>
    <ClInclude Include="DayEleven\DayEleven.h">
      <Filter>Header Files</Filter>
    </ClInclude>
  </ItemGroup>
  <ItemGroup>
    <Text Include="InputFiles\dayOne_elfCalories.txt">
      <Filter>InputFiles</Filter>
    </Text>
    <Text Include="InputFiles\DayTwo_RockPaperSicorsInput.txt">
      <Filter>InputFiles</Filter>
    </Text>
    <Text Include="InputFiles\DayThree_itemsInRucksack.txt">
      <Filter>InputFiles</Filter>
    </Text>
    <Text Include="InputFiles\DayFour_pairedCleaningIDs.txt">
      <Filter>InputFiles</Filter>
    </Text>
    <Text Include="InputFiles\DayFive_SupplyStacks.txt">
      <Filter>InputFiles</Filter>
    </Text>
    <Text Include="InputFiles\DaySix_CommunicationDatastreamBuffer.txt">
      <Filter>InputFiles</Filter>
    </Text>
    <Text Include="InputFiles\DaySeven_Filesystem.txt">
      <Filter>InputFiles</Filter>
    </Text>
    <Text Include="InputFiles\DayEight_NeighbouringTrees.txt">
      <Filter>InputFiles</Filter>
    </Text>
    <Text Include="InputFiles\DayNine_RopeMovements.txt">
      <Filter>InputFiles</Filter>
    </Text>
    <Text Include="InputFiles\_Test.txt">
      <Filter>InputFiles</Filter>
    </Text>
    <Text Include="InputFiles\DayTen_CPUInstructions.txt">
      <Filter>InputFiles</Filter>
    </Text>
    <Text Include="InputFiles\DayEleven_Monkeys.txt">
      <Filter>InputFiles</Filter>
    </Text>
  </ItemGroup>
</Project>